
Microsoft Visual Studio Solution File, Format Version 12.00
# Visual Studio Version 17
VisualStudioVersion = 17.10.35027.167
MinimumVisualStudioVersion = 10.0.40219.1
Project("{FAE04EC0-301F-11D3-BF4B-00C04F79EFBC}") = "Hola", "Hola\Hola.csproj", "{BE68A3C1-E56B-4A0E-AA8B-461439C31157}"
EndProject
Global
	GlobalSection(SolutionConfigurationPlatforms) = preSolution
		Debug|Any CPU = Debug|Any CPU
		Release|Any CPU = Release|Any CPU
	EndGlobalSection
	GlobalSection(ProjectConfigurationPlatforms) = postSolution
		{BE68A3C1-E56B-4A0E-AA8B-461439C31157}.Debug|Any CPU.ActiveCfg = Debug|Any CPU
		{BE68A3C1-E56B-4A0E-AA8B-461439C31157}.Debug|Any CPU.Build.0 = Debug|Any CPU
		{BE68A3C1-E56B-4A0E-AA8B-461439C31157}.Release|Any CPU.ActiveCfg = Release|Any CPU
		{BE68A3C1-E56B-4A0E-AA8B-461439C31157}.Release|Any CPU.Build.0 = Release|Any CPU
	EndGlobalSection
	GlobalSection(SolutionProperties) = preSolution
		HideSolutionNode = FALSE
	EndGlobalSection
	GlobalSection(ExtensibilityGlobals) = postSolution
		SolutionGuid = {7B04C591-9F3B-40D9-8026-214F0109F6E9}
	EndGlobalSection
EndGlobal
